# THIS IS AN AUTOGENERATED FILE. DO NOT EDIT THIS FILE DIRECTLY.
# yarn lockfile v1


"@types/commander@^2.12.2":
  version "2.12.2"
  resolved "https://registry.yarnpkg.com/@types/commander/-/commander-2.12.2.tgz#183041a23842d4281478fa5d23c5ca78e6fd08ae"
  dependencies:
    commander "*"

"@types/node@^10.9.4":
  version "10.9.4"
  resolved "https://registry.yarnpkg.com/@types/node/-/node-10.9.4.tgz#0f4cb2dc7c1de6096055357f70179043c33e9897"

argparse@^1.0.7:
  version "1.0.10"
  resolved "https://registry.yarnpkg.com/argparse/-/argparse-1.0.10.tgz#bcd6791ea5ae09725e17e5ad988134cd40b3d911"
  dependencies:
    sprintf-js "~1.0.2"

commander@*, commander@^2.17.1:
  version "2.17.1"
  resolved "https://registry.yarnpkg.com/commander/-/commander-2.17.1.tgz#bd77ab7de6de94205ceacc72f1716d29f20a77bf"

esprima@^4.0.0:
  version "4.0.1"
  resolved "https://registry.yarnpkg.com/esprima/-/esprima-4.0.1.tgz#13b04cdb3e6c5d19df91ab6987a8695619b0aa71"

hoek@5.x.x:
  version "5.0.4"
  resolved "https://registry.yarnpkg.com/hoek/-/hoek-5.0.4.tgz#0f7fa270a1cafeb364a4b2ddfaa33f864e4157da"

isemail@3.x.x:
  version "3.1.3"
  resolved "https://registry.yarnpkg.com/isemail/-/isemail-3.1.3.tgz#64f37fc113579ea12523165c3ebe3a71a56ce571"
  dependencies:
    punycode "2.x.x"

joi@^13.6.0:
  version "13.6.0"
  resolved "https://registry.yarnpkg.com/joi/-/joi-13.6.0.tgz#877d820e3ad688a49c32421ffefc746bfbe2d0a0"
  dependencies:
    hoek "5.x.x"
    isemail "3.x.x"
    topo "3.x.x"

js-yaml@^3.12.0:
  version "3.12.0"
  resolved "https://registry.yarnpkg.com/js-yaml/-/js-yaml-3.12.0.tgz#eaed656ec8344f10f527c6bfa1b6e2244de167d1"
  dependencies:
    argparse "^1.0.7"
    esprima "^4.0.0"

punycode@2.x.x:
  version "2.1.1"
  resolved "https://registry.yarnpkg.com/punycode/-/punycode-2.1.1.tgz#b58b010ac40c22c5657616c8d2c2c02c7bf479ec"

sprintf-js@~1.0.2:
  version "1.0.3"
  resolved "https://registry.yarnpkg.com/sprintf-js/-/sprintf-js-1.0.3.tgz#04e6926f662895354f3dd015203633b857297e2c"

topo@3.x.x:
  version "3.0.0"
  resolved "https://registry.yarnpkg.com/topo/-/topo-3.0.0.tgz#37e48c330efeac784538e0acd3e62ca5e231fe7a"
  dependencies:
    hoek "5.x.x"

typescript@^3.0.3:
  version "3.0.3"
  resolved "https://registry.yarnpkg.com/typescript/-/typescript-3.0.3.tgz#4853b3e275ecdaa27f78fda46dc273a7eb7fc1c8"
